Microsoft Visual Studio Solution File, Format Version 12.00
# Visual Studio Version 17
VisualStudioVersion = 17.5.2.0
MinimumVisualStudioVersion = 10.0.40219.1
Project("{FAE04EC0-301F-11D3-BF4B-00C04F79EFBC}") = "discord-game-sdk-bridge", "DiscordBridge\discord-game-sdk-bridge.csproj", "{C88E49D2-3D65-B872-FFFF-D5988A400FD7}"
EndProject
Global
	GlobalSection(SolutionConfigurationPlatforms) = preSolution
		Debug|Any CPU = Debug|Any CPU
		Release|Any CPU = Release|Any CPU
	EndGlobalSection
	GlobalSection(ProjectConfigurationPlatforms) = postSolution
		{C88E49D2-3D65-B872-FFFF-D5988A400FD7}.Debug|Any CPU.ActiveCfg = Debug|Any CPU
		{C88E49D2-3D65-B872-FFFF-D5988A400FD7}.Debug|Any CPU.Build.0 = Debug|Any CPU
		{C88E49D2-3D65-B872-FFFF-D5988A400FD7}.Release|Any CPU.ActiveCfg = Release|Any CPU
		{C88E49D2-3D65-B872-FFFF-D5988A400FD7}.Release|Any CPU.Build.0 = Release|Any CPU
	EndGlobalSection
	GlobalSection(SolutionProperties) = preSolution
		HideSolutionNode = FALSE
	EndGlobalSection
	GlobalSection(ExtensibilityGlobals) = postSolution
		SolutionGuid = {C0A546E8-D819-48B4-984F-FFB51504E65B}
	EndGlobalSection
EndGlobal
